{
  "name": "insomnia-plugin-git-sync",
  "version": "0.0.1",
  "lockfileVersion": 1,
  "requires": true,
  "dependencies": {
    "@kwsites/file-exists": {
      "version": "1.1.1",
      "resolved": "https://artifactory.1and1.org/artifactory/api/npm/ciso-npm-virtual/@kwsites/file-exists/-/file-exists-1.1.1.tgz",
      "integrity": "sha1-rR78rBPhmH2NuvI17zvlsNlvqpk=",
      "requires": {
        "debug": "^4.1.1"
      }
    },
    "@kwsites/promise-deferred": {
      "version": "1.1.1",
      "resolved": "https://artifactory.1and1.org/artifactory/api/npm/ciso-npm-virtual/@kwsites/promise-deferred/-/promise-deferred-1.1.1.tgz",
      "integrity": "sha1-is5SWSVEJszvV/MXW8ZO1wle2Rk="
    },
    "debug": {
      "version": "4.3.2",
      "resolved": "https://artifactory.1and1.org/artifactory/api/npm/ciso-npm-virtual/debug/-/debug-4.3.2.tgz",
      "integrity": "sha1-8KScGKyHeeMdSgxgKd+3aHPHQos=",
      "requires": {
        "ms": "2.1.2"
      }
    },
    "ms": {
      "version": "2.1.2",
      "resolved": "https://artifactory.1and1.org/artifactory/api/npm/ciso-npm-virtual/ms/-/ms-2.1.2.tgz",
      "integrity": "sha1-0J0fNXtEP0kzgqjrPM0YOHKuYAk="
    },
    "one-npm-publish": {
      "version": "1.2.0",
      "resolved": "https://artifactory.1and1.org/artifactory/api/npm/ciso-npm-virtual/one-npm-publish/-/one-npm-publish-1.2.0.tgz",
      "integrity": "sha1-SPJ6tbd0LK/j+18KCGvOv6BGbL8=",
      "dev": true,
      "requires": {
        "xml2js": "^0.4.23"
      }
    },
    "sax": {
      "version": "1.2.4",
      "resolved": "https://artifactory.1and1.org/artifactory/api/npm/ciso-npm-virtual/sax/-/sax-1.2.4.tgz",
      "integrity": "sha1-KBYjTiN4vdxOU1T6tcqold9xANk=",
      "dev": true
    },
    "simple-git": {
      "version": "2.46.0",
      "resolved": "https://artifactory.1and1.org/artifactory/api/npm/ciso-npm-virtual/simple-git/-/simple-git-2.46.0.tgz",
      "integrity": "sha1-1WSFZwXO6dLvHR+YxxQ+K8AOfD4=",
      "requires": {
        "@kwsites/file-exists": "^1.1.1",
        "@kwsites/promise-deferred": "^1.1.1",
        "debug": "^4.3.1"
      }
    },
    "xml2js": {
      "version": "0.4.23",
      "resolved": "https://artifactory.1and1.org/artifactory/api/npm/ciso-npm-virtual/xml2js/-/xml2js-0.4.23.tgz",
      "integrity": "sha1-oMaVFnUkIesqx1juTUzPWIQ+rGY=",
      "dev": true,
      "requires": {
        "sax": ">=0.6.0",
        "xmlbuilder": "~11.0.0"
      }
    },
    "xmlbuilder": {
      "version": "11.0.1",
      "resolved": "https://artifactory.1and1.org/artifactory/api/npm/ciso-npm-virtual/xmlbuilder/-/xmlbuilder-11.0.1.tgz",
      "integrity": "sha1-vpuuHIoEbnazESdyY0fQrXACvrM=",
      "dev": true
    }
  }
}
